
Microsoft Visual Studio Solution File, Format Version 12.00
# Visual Studio Version 17
VisualStudioVersion = 17.3.32901.215
MinimumVisualStudioVersion = 10.0.40219.1
Project("{9A19103F-16F7-4668-BE54-9A1E7A4F7556}") = "Shoppica.API", "Shoppica.API\Shoppica.API.csproj", "{811A0034-3224-4512-89BA-EC9EE70DD41C}"
EndProject
Project("{FAE04EC0-301F-11D3-BF4B-00C04F79EFBC}") = "Shoppica.MVC", "Shoppica.MVC\Shoppica.MVC.csproj", "{BEA83429-F18B-40C1-B3C8-C325FECC1D24}"
EndProject
Global
	GlobalSection(SolutionConfigurationPlatforms) = preSolution
		Debug|Any CPU = Debug|Any CPU
		Release|Any CPU = Release|Any CPU
	EndGlobalSection
	GlobalSection(ProjectConfigurationPlatforms) = postSolution
		{811A0034-3224-4512-89BA-EC9EE70DD41C}.Debug|Any CPU.ActiveCfg = Debug|Any CPU
		{811A0034-3224-4512-89BA-EC9EE70DD41C}.Debug|Any CPU.Build.0 = Debug|Any CPU
		{811A0034-3224-4512-89BA-EC9EE70DD41C}.Release|Any CPU.ActiveCfg = Release|Any CPU
		{811A0034-3224-4512-89BA-EC9EE70DD41C}.Release|Any CPU.Build.0 = Release|Any CPU
		{BEA83429-F18B-40C1-B3C8-C325FECC1D24}.Debug|Any CPU.ActiveCfg = Debug|Any CPU
		{BEA83429-F18B-40C1-B3C8-C325FECC1D24}.Debug|Any CPU.Build.0 = Debug|Any CPU
		{BEA83429-F18B-40C1-B3C8-C325FECC1D24}.Release|Any CPU.ActiveCfg = Release|Any CPU
		{BEA83429-F18B-40C1-B3C8-C325FECC1D24}.Release|Any CPU.Build.0 = Release|Any CPU
	EndGlobalSection
	GlobalSection(SolutionProperties) = preSolution
		HideSolutionNode = FALSE
	EndGlobalSection
	GlobalSection(ExtensibilityGlobals) = postSolution
		SolutionGuid = {15CCB340-D90F-41F2-BE2E-12D26C1E2BB8}
	EndGlobalSection
EndGlobal
